# This file is automatically @generated by Cargo.
# It is not intended for manual editing.
version = 4

[[package]]
name = "ri-api"
version = "0.1.0"
dependencies = [
 "ri-core",
]

[[package]]
name = "ri-cli"
version = "0.1.0"
dependencies = [
 "ri-core",
]

[[package]]
name = "ri-config"
version = "0.1.0"
dependencies = [
 "ri-core",
]

[[package]]
name = "ri-core"
version = "0.1.0"

[[package]]
name = "ri-git"
version = "0.1.0"
dependencies = [
 "ri-core",
]

[[package]]
name = "ri-indexer"
version = "0.1.0"
dependencies = [
 "ri-core",
]

[[package]]
name = "ri-worker"
version = "0.1.0"
dependencies = [
 "ri-core",
]
